
Microsoft Visual Studio Solution File, Format Version 12.00
# Visual Studio Version 16
VisualStudioVersion = 16.0.32802.440
MinimumVisualStudioVersion = 10.0.40219.1
Project("{FAE04EC0-301F-11D3-BF4B-00C04F79EFBC}") = "MasksWithHats", "MasksWithHats.csproj", "{001ACDB1-8520-4F58-8326-8BFEEFC65B3E}"
EndProject
Global
	GlobalSection(SolutionConfigurationPlatforms) = preSolution
		1.4|Any CPU = 1.4|Any CPU
		1.5|Any CPU = 1.5|Any CPU
	EndGlobalSection
	GlobalSection(ProjectConfigurationPlatforms) = postSolution
		{001ACDB1-8520-4F58-8326-8BFEEFC65B3E}.1.4|Any CPU.ActiveCfg = 1.4|Any CPU
		{001ACDB1-8520-4F58-8326-8BFEEFC65B3E}.1.5|Any CPU.ActiveCfg = 1.5|Any CPU
		{001ACDB1-8520-4F58-8326-8BFEEFC65B3E}.1.5|Any CPU.Build.0 = 1.5|Any CPU
	EndGlobalSection
	GlobalSection(SolutionProperties) = preSolution
		HideSolutionNode = FALSE
	EndGlobalSection
	GlobalSection(ExtensibilityGlobals) = postSolution
		SolutionGuid = {F64F9984-50AB-4CCC-9BAB-129B649C9410}
	EndGlobalSection
EndGlobal
